
Microsoft Visual Studio Solution File, Format Version 12.00
# Visual Studio 14
VisualStudioVersion = 14.0.25420.1
MinimumVisualStudioVersion = 10.0.40219.1
Project("{FAE04EC0-301F-11D3-BF4B-00C04F79EFBC}") = "sord", "WindowsFormsApplication1\sord.csproj", "{010B6C32-41D5-4F50-97D0-6A4EDB12CDFD}"
EndProject
Global
	GlobalSection(SolutionConfigurationPlatforms) = preSolution
		Debug|Any CPU = Debug|Any CPU
		Release|Any CPU = Release|Any CPU
	EndGlobalSection
	GlobalSection(ProjectConfigurationPlatforms) = postSolution
		{010B6C32-41D5-4F50-97D0-6A4EDB12CDFD}.Debug|Any CPU.ActiveCfg = Debug|Any CPU
		{010B6C32-41D5-4F50-97D0-6A4EDB12CDFD}.Debug|Any CPU.Build.0 = Debug|Any CPU
		{010B6C32-41D5-4F50-97D0-6A4EDB12CDFD}.Release|Any CPU.ActiveCfg = Release|Any CPU
		{010B6C32-41D5-4F50-97D0-6A4EDB12CDFD}.Release|Any CPU.Build.0 = Release|Any CPU
	EndGlobalSection
	GlobalSection(SolutionProperties) = preSolution
		HideSolutionNode = FALSE
	EndGlobalSection
EndGlobal
